
Microsoft Visual Studio Solution File, Format Version 12.00
# Visual Studio Version 16
VisualStudioVersion = 16.0.29728.190
MinimumVisualStudioVersion = 10.0.40219.1
Project("{FAE04EC0-301F-11D3-BF4B-00C04F79EFBC}") = "WebApplication2", "WebApplication2\WebApplication2.csproj", "{A76515A9-8493-4747-8635-004F8CDEC2AD}"
EndProject
Global
	GlobalSection(SolutionConfigurationPlatforms) = preSolution
		Debug|Any CPU = Debug|Any CPU
		Release|Any CPU = Release|Any CPU
	EndGlobalSection
	GlobalSection(ProjectConfigurationPlatforms) = postSolution
		{A76515A9-8493-4747-8635-004F8CDEC2AD}.Debug|Any CPU.ActiveCfg = Debug|Any CPU
		{A76515A9-8493-4747-8635-004F8CDEC2AD}.Debug|Any CPU.Build.0 = Debug|Any CPU
		{A76515A9-8493-4747-8635-004F8CDEC2AD}.Release|Any CPU.ActiveCfg = Release|Any CPU
		{A76515A9-8493-4747-8635-004F8CDEC2AD}.Release|Any CPU.Build.0 = Release|Any CPU
	EndGlobalSection
	GlobalSection(SolutionProperties) = preSolution
		HideSolutionNode = FALSE
	EndGlobalSection
	GlobalSection(ExtensibilityGlobals) = postSolution
		SolutionGuid = {0880BC58-D835-4566-95DD-56FF963F5C67}
	EndGlobalSection
EndGlobal
